
Microsoft Visual Studio Solution File, Format Version 12.00
# Visual Studio Version 17
VisualStudioVersion = 17.5.33414.496
MinimumVisualStudioVersion = 10.0.40219.1
Project("{9A19103F-16F7-4668-BE54-9A1E7A4F7556}") = "education-api", "education-api\education-api.csproj", "{DF328ABC-EE23-45C5-816A-CE6F7161D8A2}"
EndProject
Project("{9A19103F-16F7-4668-BE54-9A1E7A4F7556}") = "education-apigateway", "education-apigateway\education-apigateway.csproj", "{B4A870D9-0F5D-416A-B066-71A819854BF2}"
EndProject
Project("{9A19103F-16F7-4668-BE54-9A1E7A4F7556}") = "education-domain", "education-domain\education-domain.csproj", "{620A00CB-A285-4C06-AF2C-5404487F6221}"
EndProject
Project("{9A19103F-16F7-4668-BE54-9A1E7A4F7556}") = "education-infrastructure", "education-infrastructure\education-infrastructure.csproj", "{B891B4E6-BCE3-47C8-A798-F5FA594968F4}"
EndProject
Project("{9A19103F-16F7-4668-BE54-9A1E7A4F7556}") = "education-application", "education-application\education-application.csproj", "{EBE986BE-97A8-4998-99D4-21F9BBE8F585}"
EndProject
Project("{E53339B2-1760-4266-BCC7-CA923CBCF16C}") = "docker-compose", "docker-compose.dcproj", "{11BCBF97-0328-473B-BE0F-1CAAB7243D3E}"
EndProject
Project("{9A19103F-16F7-4668-BE54-9A1E7A4F7556}") = "education-api-test", "education-api-test\education-api-test.csproj", "{EA549414-0F6B-4EFD-B4AB-973A9DC25E23}"
EndProject
Global
	GlobalSection(SolutionConfigurationPlatforms) = preSolution
		Debug|Any CPU = Debug|Any CPU
		Release|Any CPU = Release|Any CPU
	EndGlobalSection
	GlobalSection(ProjectConfigurationPlatforms) = postSolution
		{DF328ABC-EE23-45C5-816A-CE6F7161D8A2}.Debug|Any CPU.ActiveCfg = Debug|Any CPU
		{DF328ABC-EE23-45C5-816A-CE6F7161D8A2}.Debug|Any CPU.Build.0 = Debug|Any CPU
		{DF328ABC-EE23-45C5-816A-CE6F7161D8A2}.Release|Any CPU.ActiveCfg = Release|Any CPU
		{DF328ABC-EE23-45C5-816A-CE6F7161D8A2}.Release|Any CPU.Build.0 = Release|Any CPU
		{B4A870D9-0F5D-416A-B066-71A819854BF2}.Debug|Any CPU.ActiveCfg = Debug|Any CPU
		{B4A870D9-0F5D-416A-B066-71A819854BF2}.Debug|Any CPU.Build.0 = Debug|Any CPU
		{B4A870D9-0F5D-416A-B066-71A819854BF2}.Release|Any CPU.ActiveCfg = Release|Any CPU
		{B4A870D9-0F5D-416A-B066-71A819854BF2}.Release|Any CPU.Build.0 = Release|Any CPU
		{620A00CB-A285-4C06-AF2C-5404487F6221}.Debug|Any CPU.ActiveCfg = Debug|Any CPU
		{620A00CB-A285-4C06-AF2C-5404487F6221}.Debug|Any CPU.Build.0 = Debug|Any CPU
		{620A00CB-A285-4C06-AF2C-5404487F6221}.Release|Any CPU.ActiveCfg = Release|Any CPU
		{620A00CB-A285-4C06-AF2C-5404487F6221}.Release|Any CPU.Build.0 = Release|Any CPU
		{B891B4E6-BCE3-47C8-A798-F5FA594968F4}.Debug|Any CPU.ActiveCfg = Debug|Any CPU
		{B891B4E6-BCE3-47C8-A798-F5FA594968F4}.Debug|Any CPU.Build.0 = Debug|Any CPU
		{B891B4E6-BCE3-47C8-A798-F5FA594968F4}.Release|Any CPU.ActiveCfg = Release|Any CPU
		{B891B4E6-BCE3-47C8-A798-F5FA594968F4}.Release|Any CPU.Build.0 = Release|Any CPU
		{EBE986BE-97A8-4998-99D4-21F9BBE8F585}.Debug|Any CPU.ActiveCfg = Debug|Any CPU
		{EBE986BE-97A8-4998-99D4-21F9BBE8F585}.Debug|Any CPU.Build.0 = Debug|Any CPU
		{EBE986BE-97A8-4998-99D4-21F9BBE8F585}.Release|Any CPU.ActiveCfg = Release|Any CPU
		{EBE986BE-97A8-4998-99D4-21F9BBE8F585}.Release|Any CPU.Build.0 = Release|Any CPU
		{11BCBF97-0328-473B-BE0F-1CAAB7243D3E}.Debug|Any CPU.ActiveCfg = Debug|Any CPU
		{11BCBF97-0328-473B-BE0F-1CAAB7243D3E}.Debug|Any CPU.Build.0 = Debug|Any CPU
		{11BCBF97-0328-473B-BE0F-1CAAB7243D3E}.Release|Any CPU.ActiveCfg = Release|Any CPU
		{11BCBF97-0328-473B-BE0F-1CAAB7243D3E}.Release|Any CPU.Build.0 = Release|Any CPU
		{EA549414-0F6B-4EFD-B4AB-973A9DC25E23}.Debug|Any CPU.ActiveCfg = Debug|Any CPU
		{EA549414-0F6B-4EFD-B4AB-973A9DC25E23}.Debug|Any CPU.Build.0 = Debug|Any CPU
		{EA549414-0F6B-4EFD-B4AB-973A9DC25E23}.Release|Any CPU.ActiveCfg = Release|Any CPU
		{EA549414-0F6B-4EFD-B4AB-973A9DC25E23}.Release|Any CPU.Build.0 = Release|Any CPU
	EndGlobalSection
	GlobalSection(SolutionProperties) = preSolution
		HideSolutionNode = FALSE
	EndGlobalSection
	GlobalSection(ExtensibilityGlobals) = postSolution
		SolutionGuid = {CA74FAF1-9DCE-47EE-AB66-9F4CFCBDA3DE}
	EndGlobalSection
EndGlobal
